
Microsoft Visual Studio Solution File, Format Version 12.00
# Visual Studio 2013
VisualStudioVersion = 12.0.31101.0
MinimumVisualStudioVersion = 10.0.40219.1
Project("{FAE04EC0-301F-11D3-BF4B-00C04F79EFBC}") = "EventBooker", "EventBooker\EventBooker.csproj", "{11F969EF-58D5-4BB6-84C7-11414AA08AD0}"
EndProject
Project("{FAE04EC0-301F-11D3-BF4B-00C04F79EFBC}") = "EventBooker.Tests", "EventBooker.Tests\EventBooker.Tests.csproj", "{1F3C9F7E-6693-49E1-9FE3-335DE9770DEA}"
EndProject
Global
	GlobalSection(SolutionConfigurationPlatforms) = preSolution
		Debug|Any CPU = Debug|Any CPU
		Release|Any CPU = Release|Any CPU
	EndGlobalSection
	GlobalSection(ProjectConfigurationPlatforms) = postSolution
		{11F969EF-58D5-4BB6-84C7-11414AA08AD0}.Debug|Any CPU.ActiveCfg = Debug|Any CPU
		{11F969EF-58D5-4BB6-84C7-11414AA08AD0}.Debug|Any CPU.Build.0 = Debug|Any CPU
		{11F969EF-58D5-4BB6-84C7-11414AA08AD0}.Release|Any CPU.ActiveCfg = Release|Any CPU
		{11F969EF-58D5-4BB6-84C7-11414AA08AD0}.Release|Any CPU.Build.0 = Release|Any CPU
		{1F3C9F7E-6693-49E1-9FE3-335DE9770DEA}.Debug|Any CPU.ActiveCfg = Debug|Any CPU
		{1F3C9F7E-6693-49E1-9FE3-335DE9770DEA}.Debug|Any CPU.Build.0 = Debug|Any CPU
		{1F3C9F7E-6693-49E1-9FE3-335DE9770DEA}.Release|Any CPU.ActiveCfg = Release|Any CPU
		{1F3C9F7E-6693-49E1-9FE3-335DE9770DEA}.Release|Any CPU.Build.0 = Release|Any CPU
	EndGlobalSection
	GlobalSection(SolutionProperties) = preSolution
		HideSolutionNode = FALSE
	EndGlobalSection
EndGlobal
